
Microsoft Visual Studio Solution File, Format Version 12.00
# Visual Studio Version 17
VisualStudioVersion = 17.3.32922.545
MinimumVisualStudioVersion = 10.0.40219.1
Project("{FAE04EC0-301F-11D3-BF4B-00C04F79EFBC}") = "Reto 3 Grupo 1", "Reto 3 Grupo 1\Reto 3 Grupo 1.csproj", "{042FE887-BBF8-4395-9866-FB1F77A782E3}"
EndProject
Global
	GlobalSection(SolutionConfigurationPlatforms) = preSolution
		Debug|Any CPU = Debug|Any CPU
		Release|Any CPU = Release|Any CPU
	EndGlobalSection
	GlobalSection(ProjectConfigurationPlatforms) = postSolution
		{042FE887-BBF8-4395-9866-FB1F77A782E3}.Debug|Any CPU.ActiveCfg = Debug|Any CPU
		{042FE887-BBF8-4395-9866-FB1F77A782E3}.Debug|Any CPU.Build.0 = Debug|Any CPU
		{042FE887-BBF8-4395-9866-FB1F77A782E3}.Release|Any CPU.ActiveCfg = Release|Any CPU
		{042FE887-BBF8-4395-9866-FB1F77A782E3}.Release|Any CPU.Build.0 = Release|Any CPU
	EndGlobalSection
	GlobalSection(SolutionProperties) = preSolution
		HideSolutionNode = FALSE
	EndGlobalSection
	GlobalSection(ExtensibilityGlobals) = postSolution
		SolutionGuid = {5BE66A0A-6A8F-4A0F-87E1-7C8A694EF0CA}
	EndGlobalSection
EndGlobal
