
Microsoft Visual Studio Solution File, Format Version 12.00
# Visual Studio Version 17
VisualStudioVersion = 17.3.32901.215
MinimumVisualStudioVersion = 10.0.40219.1
Project("{FAE04EC0-301F-11D3-BF4B-00C04F79EFBC}") = "Tarea 1 José Palacios", "Tarea 1 José Palacios\Tarea 1 José Palacios.csproj", "{9301E84C-D5B8-4674-A7A9-7BD63AFCDC20}"
EndProject
Global
	GlobalSection(SolutionConfigurationPlatforms) = preSolution
		Debug|Any CPU = Debug|Any CPU
		Release|Any CPU = Release|Any CPU
	EndGlobalSection
	GlobalSection(ProjectConfigurationPlatforms) = postSolution
		{9301E84C-D5B8-4674-A7A9-7BD63AFCDC20}.Debug|Any CPU.ActiveCfg = Debug|Any CPU
		{9301E84C-D5B8-4674-A7A9-7BD63AFCDC20}.Debug|Any CPU.Build.0 = Debug|Any CPU
		{9301E84C-D5B8-4674-A7A9-7BD63AFCDC20}.Release|Any CPU.ActiveCfg = Release|Any CPU
		{9301E84C-D5B8-4674-A7A9-7BD63AFCDC20}.Release|Any CPU.Build.0 = Release|Any CPU
	EndGlobalSection
	GlobalSection(SolutionProperties) = preSolution
		HideSolutionNode = FALSE
	EndGlobalSection
	GlobalSection(ExtensibilityGlobals) = postSolution
		SolutionGuid = {BF2F7B92-8393-48B1-9060-236192DA2F56}
	EndGlobalSection
EndGlobal
