
Microsoft Visual Studio Solution File, Format Version 12.00
# Visual Studio Version 17
VisualStudioVersion = 17.3.32922.545
MinimumVisualStudioVersion = 10.0.40219.1
Project("{FAE04EC0-301F-11D3-BF4B-00C04F79EFBC}") = "L10+_+JAP1129522", "L10+_+JAP1129522\L10+_+JAP1129522.csproj", "{092710ED-7BA3-48E2-9BCA-DCB359B6A158}"
EndProject
Global
	GlobalSection(SolutionConfigurationPlatforms) = preSolution
		Debug|Any CPU = Debug|Any CPU
		Release|Any CPU = Release|Any CPU
	EndGlobalSection
	GlobalSection(ProjectConfigurationPlatforms) = postSolution
		{092710ED-7BA3-48E2-9BCA-DCB359B6A158}.Debug|Any CPU.ActiveCfg = Debug|Any CPU
		{092710ED-7BA3-48E2-9BCA-DCB359B6A158}.Debug|Any CPU.Build.0 = Debug|Any CPU
		{092710ED-7BA3-48E2-9BCA-DCB359B6A158}.Release|Any CPU.ActiveCfg = Release|Any CPU
		{092710ED-7BA3-48E2-9BCA-DCB359B6A158}.Release|Any CPU.Build.0 = Release|Any CPU
	EndGlobalSection
	GlobalSection(SolutionProperties) = preSolution
		HideSolutionNode = FALSE
	EndGlobalSection
	GlobalSection(ExtensibilityGlobals) = postSolution
		SolutionGuid = {59DCFD7F-47CB-4FCB-814A-00FBC7300E0B}
	EndGlobalSection
EndGlobal
