
Microsoft Visual Studio Solution File, Format Version 12.00
# Visual Studio Version 17
VisualStudioVersion = 17.3.32922.545
MinimumVisualStudioVersion = 10.0.40219.1
Project("{FAE04EC0-301F-11D3-BF4B-00C04F79EFBC}") = "L9+_+JAP1129522", "L9+_+JAP1129522\L9+_+JAP1129522.csproj", "{6C314147-3573-41E4-B7ED-FE8BF25BA13A}"
EndProject
Global
	GlobalSection(SolutionConfigurationPlatforms) = preSolution
		Debug|Any CPU = Debug|Any CPU
		Release|Any CPU = Release|Any CPU
	EndGlobalSection
	GlobalSection(ProjectConfigurationPlatforms) = postSolution
		{6C314147-3573-41E4-B7ED-FE8BF25BA13A}.Debug|Any CPU.ActiveCfg = Debug|Any CPU
		{6C314147-3573-41E4-B7ED-FE8BF25BA13A}.Debug|Any CPU.Build.0 = Debug|Any CPU
		{6C314147-3573-41E4-B7ED-FE8BF25BA13A}.Release|Any CPU.ActiveCfg = Release|Any CPU
		{6C314147-3573-41E4-B7ED-FE8BF25BA13A}.Release|Any CPU.Build.0 = Release|Any CPU
	EndGlobalSection
	GlobalSection(SolutionProperties) = preSolution
		HideSolutionNode = FALSE
	EndGlobalSection
	GlobalSection(ExtensibilityGlobals) = postSolution
		SolutionGuid = {D57A797C-FE9A-40E2-8224-27040E2A2B57}
	EndGlobalSection
EndGlobal
